// !$*UTF8*$!
{
	archiveVersion = 1;
	classes = {
	};
	objectVersion = 56;
	objects = {

/* Begin PBXBuildFile section */
		DBB50ABC2C233F5D008964D4 /* AppDelegate.swift in Sources */ = {isa = PBXBuildFile; fileRef = DBB50ABB2C233F5D008964D4 /* AppDelegate.swift */; };
		DBB50ABE2C233F5D008964D4 /* SceneDelegate.swift in Sources */ = {isa = PBXBuildFile; fileRef = DBB50ABD2C233F5D008964D4 /* SceneDelegate.swift */; };
		DBB50AC02C233F5D008964D4 /* PodcastListViewController.swift in Sources */ = {isa = PBXBuildFile; fileRef = DBB50ABF2C233F5D008964D4 /* PodcastListViewController.swift */; };
		DBB50AC52C233F5F008964D4 /* Assets.xcassets in Resources */ = {isa = PBXBuildFile; fileRef = DBB50AC42C233F5F008964D4 /* Assets.xcassets */; };
		DBB50AC82C233F5F008964D4 /* Base in Resources */ = {isa = PBXBuildFile; fileRef = DBB50AC72C233F5F008964D4 /* Base */; };
		DBB50AD22C2340F8008964D4 /* SwiftNavigation in Frameworks */ = {isa = PBXBuildFile; productRef = DBB50AD12C2340F8008964D4 /* SwiftNavigation */; };
		DBB50AD42C2340F8008964D4 /* UIKitNavigation in Frameworks */ = {isa = PBXBuildFile; productRef = DBB50AD32C2340F8008964D4 /* UIKitNavigation */; };
		DBB50AD62C23502A008964D4 /* UISearch+UIBinding.swift in Sources */ = {isa = PBXBuildFile; fileRef = DBB50AD52C23502A008964D4 /* UISearch+UIBinding.swift */; };
		DBB50AD82C23506E008964D4 /* Podcast.swift in Sources */ = {isa = PBXBuildFile; fileRef = DBB50AD72C23506E008964D4 /* Podcast.swift */; };
		DBB50ADA2C235088008964D4 /* PodcastCell.swift in Sources */ = {isa = PBXBuildFile; fileRef = DBB50AD92C235088008964D4 /* PodcastCell.swift */; };
		DBB50ADC2C2350A5008964D4 /* PodcastManager.swift in Sources */ = {isa = PBXBuildFile; fileRef = DBB50ADB2C2350A5008964D4 /* PodcastManager.swift */; };
		DBB50ADF2C23510E008964D4 /* Nuke in Frameworks */ = {isa = PBXBuildFile; productRef = DBB50ADE2C23510E008964D4 /* Nuke */; };
		DBB50AE12C2351D2008964D4 /* Sequence+async.swift in Sources */ = {isa = PBXBuildFile; fileRef = DBB50AE02C2351D2008964D4 /* Sequence+async.swift */; };
/* End PBXBuildFile section */

/* Begin PBXFileReference section */
		DBB50AB82C233F5D008964D4 /* ObservablePodcasts.app */ = {isa = PBXFileReference; explicitFileType = wrapper.application; includeInIndex = 0; path = ObservablePodcasts.app; sourceTree = BUILT_PRODUCTS_DIR; };
		DBB50ABB2C233F5D008964D4 /* AppDelegate.swift */ = {isa = PBXFileReference; lastKnownFileType = sourcecode.swift; path = AppDelegate.swift; sourceTree = "<group>"; };
		DBB50ABD2C233F5D008964D4 /* SceneDelegate.swift */ = {isa = PBXFileReference; lastKnownFileType = sourcecode.swift; path = SceneDelegate.swift; sourceTree = "<group>"; };
		DBB50ABF2C233F5D008964D4 /* PodcastListViewController.swift */ = {isa = PBXFileReference; lastKnownFileType = sourcecode.swift; path = PodcastListViewController.swift; sourceTree = "<group>"; };
		DBB50AC42C233F5F008964D4 /* Assets.xcassets */ = {isa = PBXFileReference; lastKnownFileType = folder.assetcatalog; path = Assets.xcassets; sourceTree = "<group>"; };
		DBB50AC72C233F5F008964D4 /* Base */ = {isa = PBXFileReference; lastKnownFileType = file.storyboard; name = Base; path = Base.lproj/LaunchScreen.storyboard; sourceTree = "<group>"; };
		DBB50AC92C233F5F008964D4 /* Info.plist */ = {isa = PBXFileReference; lastKnownFileType = text.plist.xml; path = Info.plist; sourceTree = "<group>"; };
		DBB50AD52C23502A008964D4 /* UISearch+UIBinding.swift */ = {isa = PBXFileReference; lastKnownFileType = sourcecode.swift; path = "UISearch+UIBinding.swift"; sourceTree = "<group>"; };
		DBB50AD72C23506E008964D4 /* Podcast.swift */ = {isa = PBXFileReference; lastKnownFileType = sourcecode.swift; path = Podcast.swift; sourceTree = "<group>"; };
		DBB50AD92C235088008964D4 /* PodcastCell.swift */ = {isa = PBXFileReference; lastKnownFileType = sourcecode.swift; path = PodcastCell.swift; sourceTree = "<group>"; };
		DBB50ADB2C2350A5008964D4 /* PodcastManager.swift */ = {isa = PBXFileReference; lastKnownFileType = sourcecode.swift; path = PodcastManager.swift; sourceTree = "<group>"; };
		DBB50AE02C2351D2008964D4 /* Sequence+async.swift */ = {isa = PBXFileReference; lastKnownFileType = sourcecode.swift; path = "Sequence+async.swift"; sourceTree = "<group>"; };
/* End PBXFileReference section */

/* Begin PBXFrameworksBuildPhase section */
		DBB50AB52C233F5D008964D4 /* Frameworks */ = {
			isa = PBXFrameworksBuildPhase;
			buildActionMask = 2147483647;
			files = (
				DBB50ADF2C23510E008964D4 /* Nuke in Frameworks */,
				DBB50AD22C2340F8008964D4 /* SwiftNavigation in Frameworks */,
				DBB50AD42C2340F8008964D4 /* UIKitNavigation in Frameworks */,
			);
			runOnlyForDeploymentPostprocessing = 0;
		};
/* End PBXFrameworksBuildPhase section */

/* Begin PBXGroup section */
		DBB50AAF2C233F5D008964D4 = {
			isa = PBXGroup;
			children = (
				DBB50ABA2C233F5D008964D4 /* ObservablePodcasts */,
				DBB50AB92C233F5D008964D4 /* Products */,
			);
			sourceTree = "<group>";
		};
		DBB50AB92C233F5D008964D4 /* Products */ = {
			isa = PBXGroup;
			children = (
				DBB50AB82C233F5D008964D4 /* ObservablePodcasts.app */,
			);
			name = Products;
			sourceTree = "<group>";
		};
		DBB50ABA2C233F5D008964D4 /* ObservablePodcasts */ = {
			isa = PBXGroup;
			children = (
				DBB50ABB2C233F5D008964D4 /* AppDelegate.swift */,
				DBB50ABD2C233F5D008964D4 /* SceneDelegate.swift */,
				DBB50ABF2C233F5D008964D4 /* PodcastListViewController.swift */,
				DBB50ADB2C2350A5008964D4 /* PodcastManager.swift */,
				DBB50AD92C235088008964D4 /* PodcastCell.swift */,
				DBB50AD72C23506E008964D4 /* Podcast.swift */,
				DBB50AE22C2351DA008964D4 /* Extensions */,
				DBB50ACF2C233F73008964D4 /* Resources */,
			);
			path = ObservablePodcasts;
			sourceTree = "<group>";
		};
		DBB50ACF2C233F73008964D4 /* Resources */ = {
			isa = PBXGroup;
			children = (
				DBB50AC42C233F5F008964D4 /* Assets.xcassets */,
				DBB50AC62C233F5F008964D4 /* LaunchScreen.storyboard */,
				DBB50AC92C233F5F008964D4 /* Info.plist */,
			);
			path = Resources;
			sourceTree = "<group>";
		};
		DBB50AE22C2351DA008964D4 /* Extensions */ = {
			isa = PBXGroup;
			children = (
				DBB50AE02C2351D2008964D4 /* Sequence+async.swift */,
				DBB50AD52C23502A008964D4 /* UISearch+UIBinding.swift */,
			);
			path = Extensions;
			sourceTree = "<group>";
		};
/* End PBXGroup section */

/* Begin PBXNativeTarget section */
		DBB50AB72C233F5D008964D4 /* ObservablePodcasts */ = {
			isa = PBXNativeTarget;
			buildConfigurationList = DBB50ACC2C233F5F008964D4 /* Build configuration list for PBXNativeTarget "ObservablePodcasts" */;
			buildPhases = (
				DBB50AB42C233F5D008964D4 /* Sources */,
				DBB50AB52C233F5D008964D4 /* Frameworks */,
				DBB50AB62C233F5D008964D4 /* Resources */,
			);
			buildRules = (
			);
			dependencies = (
			);
			name = ObservablePodcasts;
			packageProductDependencies = (
				DBB50AD12C2340F8008964D4 /* SwiftNavigation */,
				DBB50AD32C2340F8008964D4 /* UIKitNavigation */,
				DBB50ADE2C23510E008964D4 /* Nuke */,
			);
			productName = ObservablePodcasts;
			productReference = DBB50AB82C233F5D008964D4 /* ObservablePodcasts.app */;
			productType = "com.apple.product-type.application";
		};
/* End PBXNativeTarget section */

/* Begin PBXProject section */
		DBB50AB02C233F5D008964D4 /* Project object */ = {
			isa = PBXProject;
			attributes = {
				BuildIndependentTargetsInParallel = 1;
				LastSwiftUpdateCheck = 1540;
				LastUpgradeCheck = 1540;
				TargetAttributes = {
					DBB50AB72C233F5D008964D4 = {
						CreatedOnToolsVersion = 15.4;
					};
				};
			};
			buildConfigurationList = DBB50AB32C233F5D008964D4 /* Build configuration list for PBXProject "ObservablePodcasts" */;
			compatibilityVersion = "Xcode 14.0";
			developmentRegion = en;
			hasScannedForEncodings = 0;
			knownRegions = (
				en,
				Base,
			);
			mainGroup = DBB50AAF2C233F5D008964D4;
			packageReferences = (
				DBB50AD02C2340F8008964D4 /* XCRemoteSwiftPackageReference "swiftui-navigation" */,
				DBB50ADD2C23510D008964D4 /* XCRemoteSwiftPackageReference "Nuke" */,
			);
			productRefGroup = DBB50AB92C233F5D008964D4 /* Products */;
			projectDirPath = "";
			projectRoot = "";
			targets = (
				DBB50AB72C233F5D008964D4 /* ObservablePodcasts */,
			);
		};
/* End PBXProject section */

/* Begin PBXResourcesBuildPhase section */
		DBB50AB62C233F5D008964D4 /* Resources */ = {
			isa = PBXResourcesBuildPhase;
			buildActionMask = 2147483647;
			files = (
				DBB50AC52C233F5F008964D4 /* Assets.xcassets in Resources */,
				DBB50AC82C233F5F008964D4 /* Base in Resources */,
			);
			runOnlyForDeploymentPostprocessing = 0;
		};
/* End PBXResourcesBuildPhase section */

/* Begin PBXSourcesBuildPhase section */
		DBB50AB42C233F5D008964D4 /* Sources */ = {
			isa = PBXSourcesBuildPhase;
			buildActionMask = 2147483647;
			files = (
				DBB50AC02C233F5D008964D4 /* PodcastListViewController.swift in Sources */,
				DBB50AE12C2351D2008964D4 /* Sequence+async.swift in Sources */,
				DBB50ADC2C2350A5008964D4 /* PodcastManager.swift in Sources */,
				DBB50ABC2C233F5D008964D4 /* AppDelegate.swift in Sources */,
				DBB50ABE2C233F5D008964D4 /* SceneDelegate.swift in Sources */,
				DBB50AD62C23502A008964D4 /* UISearch+UIBinding.swift in Sources */,
				DBB50ADA2C235088008964D4 /* PodcastCell.swift in Sources */,
				DBB50AD82C23506E008964D4 /* Podcast.swift in Sources */,
			);
			runOnlyForDeploymentPostprocessing = 0;
		};
/* End PBXSourcesBuildPhase section */

/* Begin PBXVariantGroup section */
		DBB50AC62C233F5F008964D4 /* LaunchScreen.storyboard */ = {
			isa = PBXVariantGroup;
			children = (
				DBB50AC72C233F5F008964D4 /* Base */,
			);
			name = LaunchScreen.storyboard;
			sourceTree = "<group>";
		};
/* End PBXVariantGroup section */

/* Begin XCBuildConfiguration section */
		DBB50ACA2C233F5F008964D4 /* Debug */ = {
			isa = XCBuildConfiguration;
			buildSettings = {
				ALWAYS_SEARCH_USER_PATHS = NO;
				ASSETCATALOG_COMPILER_GENERATE_SWIFT_ASSET_SYMBOL_EXTENSIONS = YES;
				CLANG_ANALYZER_NONNULL = YES;
				CLANG_ANALYZER_NUMBER_OBJECT_CONVERSION = YES_AGGRESSIVE;
				CLANG_CXX_LANGUAGE_STANDARD = "gnu++20";
				CLANG_ENABLE_MODULES = YES;
				CLANG_ENABLE_OBJC_ARC = YES;
				CLANG_ENABLE_OBJC_WEAK = YES;
				CLANG_WARN_BLOCK_CAPTURE_AUTORELEASING = YES;
				CLANG_WARN_BOOL_CONVERSION = YES;
				CLANG_WARN_COMMA = YES;
				CLANG_WARN_CONSTANT_CONVERSION = YES;
				CLANG_WARN_DEPRECATED_OBJC_IMPLEMENTATIONS = YES;
				CLANG_WARN_DIRECT_OBJC_ISA_USAGE = YES_ERROR;
				CLANG_WARN_DOCUMENTATION_COMMENTS = YES;
				CLANG_WARN_EMPTY_BODY = YES;
				CLANG_WARN_ENUM_CONVERSION = YES;
				CLANG_WARN_INFINITE_RECURSION = YES;
				CLANG_WARN_INT_CONVERSION = YES;
				CLANG_WARN_NON_LITERAL_NULL_CONVERSION = YES;
				CLANG_WARN_OBJC_IMPLICIT_RETAIN_SELF = YES;
				CLANG_WARN_OBJC_LITERAL_CONVERSION = YES;
				CLANG_WARN_OBJC_ROOT_CLASS = YES_ERROR;
				CLANG_WARN_QUOTED_INCLUDE_IN_FRAMEWORK_HEADER = YES;
				CLANG_WARN_RANGE_LOOP_ANALYSIS = YES;
				CLANG_WARN_STRICT_PROTOTYPES = YES;
				CLANG_WARN_SUSPICIOUS_MOVE = YES;
				CLANG_WARN_UNGUARDED_AVAILABILITY = YES_AGGRESSIVE;
				CLANG_WARN_UNREACHABLE_CODE = YES;
				CLANG_WARN__DUPLICATE_METHOD_MATCH = YES;
				COPY_PHASE_STRIP = NO;
				DEBUG_INFORMATION_FORMAT = dwarf;
				ENABLE_STRICT_OBJC_MSGSEND = YES;
				ENABLE_TESTABILITY = YES;
				ENABLE_USER_SCRIPT_SANDBOXING = YES;
				GCC_C_LANGUAGE_STANDARD = gnu17;
				GCC_DYNAMIC_NO_PIC = NO;
				GCC_NO_COMMON_BLOCKS = YES;
				GCC_OPTIMIZATION_LEVEL = 0;
				GCC_PREPROCESSOR_DEFINITIONS = (
					"DEBUG=1",
					"$(inherited)",
				);
				GCC_WARN_64_TO_32_BIT_CONVERSION = YES;
				GCC_WARN_ABOUT_RETURN_TYPE = YES_ERROR;
				GCC_WARN_UNDECLARED_SELECTOR = YES;
				GCC_WARN_UNINITIALIZED_AUTOS = YES_AGGRESSIVE;
				GCC_WARN_UNUSED_FUNCTION = YES;
				GCC_WARN_UNUSED_VARIABLE = YES;
				INFOPLIST_FILE = "";
				IPHONEOS_DEPLOYMENT_TARGET = 17.5;
				LOCALIZATION_PREFERS_STRING_CATALOGS = YES;
				MTL_ENABLE_DEBUG_INFO = INCLUDE_SOURCE;
				MTL_FAST_MATH = YES;
				ONLY_ACTIVE_ARCH = YES;
				SDKROOT = iphoneos;
				SWIFT_ACTIVE_COMPILATION_CONDITIONS = "DEBUG $(inherited)";
				SWIFT_OPTIMIZATION_LEVEL = "-Onone";
			};
			name = Debug;
		};
		DBB50ACB2C233F5F008964D4 /* Release */ = {
			isa = XCBuildConfiguration;
			buildSettings = {
				ALWAYS_SEARCH_USER_PATHS = NO;
				ASSETCATALOG_COMPILER_GENERATE_SWIFT_ASSET_SYMBOL_EXTENSIONS = YES;
				CLANG_ANALYZER_NONNULL = YES;
				CLANG_ANALYZER_NUMBER_OBJECT_CONVERSION = YES_AGGRESSIVE;
				CLANG_CXX_LANGUAGE_STANDARD = "gnu++20";
				CLANG_ENABLE_MODULES = YES;
				CLANG_ENABLE_OBJC_ARC = YES;
				CLANG_ENABLE_OBJC_WEAK = YES;
				CLANG_WARN_BLOCK_CAPTURE_AUTORELEASING = YES;
				CLANG_WARN_BOOL_CONVERSION = YES;
				CLANG_WARN_COMMA = YES;
				CLANG_WARN_CONSTANT_CONVERSION = YES;
				CLANG_WARN_DEPRECATED_OBJC_IMPLEMENTATIONS = YES;
				CLANG_WARN_DIRECT_OBJC_ISA_USAGE = YES_ERROR;
				CLANG_WARN_DOCUMENTATION_COMMENTS = YES;
				CLANG_WARN_EMPTY_BODY = YES;
				CLANG_WARN_ENUM_CONVERSION = YES;
				CLANG_WARN_INFINITE_RECURSION = YES;
				CLANG_WARN_INT_CONVERSION = YES;
				CLANG_WARN_NON_LITERAL_NULL_CONVERSION = YES;
				CLANG_WARN_OBJC_IMPLICIT_RETAIN_SELF = YES;
				CLANG_WARN_OBJC_LITERAL_CONVERSION = YES;
				CLANG_WARN_OBJC_ROOT_CLASS = YES_ERROR;
				CLANG_WARN_QUOTED_INCLUDE_IN_FRAMEWORK_HEADER = YES;
				CLANG_WARN_RANGE_LOOP_ANALYSIS = YES;
				CLANG_WARN_STRICT_PROTOTYPES = YES;
				CLANG_WARN_SUSPICIOUS_MOVE = YES;
				CLANG_WARN_UNGUARDED_AVAILABILITY = YES_AGGRESSIVE;
				CLANG_WARN_UNREACHABLE_CODE = YES;
				CLANG_WARN__DUPLICATE_METHOD_MATCH = YES;
				COPY_PHASE_STRIP = NO;
				DEBUG_INFORMATION_FORMAT = "dwarf-with-dsym";
				ENABLE_NS_ASSERTIONS = NO;
				ENABLE_STRICT_OBJC_MSGSEND = YES;
				ENABLE_USER_SCRIPT_SANDBOXING = YES;
				GCC_C_LANGUAGE_STANDARD = gnu17;
				GCC_NO_COMMON_BLOCKS = YES;
				GCC_WARN_64_TO_32_BIT_CONVERSION = YES;
				GCC_WARN_ABOUT_RETURN_TYPE = YES_ERROR;
				GCC_WARN_UNDECLARED_SELECTOR = YES;
				GCC_WARN_UNINITIALIZED_AUTOS = YES_AGGRESSIVE;
				GCC_WARN_UNUSED_FUNCTION = YES;
				GCC_WARN_UNUSED_VARIABLE = YES;
				INFOPLIST_FILE = "";
				IPHONEOS_DEPLOYMENT_TARGET = 17.5;
				LOCALIZATION_PREFERS_STRING_CATALOGS = YES;
				MTL_ENABLE_DEBUG_INFO = NO;
				MTL_FAST_MATH = YES;
				SDKROOT = iphoneos;
				SWIFT_COMPILATION_MODE = wholemodule;
				VALIDATE_PRODUCT = YES;
			};
			name = Release;
		};
		DBB50ACD2C233F5F008964D4 /* Debug */ = {
			isa = XCBuildConfiguration;
			buildSettings = {
				ASSETCATALOG_COMPILER_APPICON_NAME = AppIcon;
				ASSETCATALOG_COMPILER_GLOBAL_ACCENT_COLOR_NAME = AccentColor;
				CODE_SIGN_STYLE = Automatic;
				CURRENT_PROJECT_VERSION = 1;
				DEVELOPMENT_TEAM = 647GR2UNM5;
				GENERATE_INFOPLIST_FILE = YES;
				INFOPLIST_FILE = ObservablePodcasts/Resources/Info.plist;
				INFOPLIST_KEY_UIApplicationSupportsIndirectInputEvents = YES;
				INFOPLIST_KEY_UILaunchStoryboardName = LaunchScreen;
				INFOPLIST_KEY_UISupportedInterfaceOrientations_iPad = "UIInterfaceOrientationPortrait UIInterfaceOrientationPortraitUpsideDown UIInterfaceOrientationLandscapeLeft UIInterfaceOrientationLandscapeRight";
				INFOPLIST_KEY_UISupportedInterfaceOrientations_iPhone = "UIInterfaceOrientationPortrait UIInterfaceOrientationLandscapeLeft UIInterfaceOrientationLandscapeRight";
				LD_RUNPATH_SEARCH_PATHS = (
					"$(inherited)",
					"@executable_path/Frameworks",
				);
				MARKETING_VERSION = 1.0;
				PRODUCT_BUNDLE_IDENTIFIER = me.malstrom.ObservablePodcasts;
				PRODUCT_NAME = "$(TARGET_NAME)";
				SWIFT_EMIT_LOC_STRINGS = YES;
				SWIFT_VERSION = 5.0;
				TARGETED_DEVICE_FAMILY = "1,2";
			};
			name = Debug;
		};
		DBB50ACE2C233F5F008964D4 /* Release */ = {
			isa = XCBuildConfiguration;
			buildSettings = {
				ASSETCATALOG_COMPILER_APPICON_NAME = AppIcon;
				ASSETCATALOG_COMPILER_GLOBAL_ACCENT_COLOR_NAME = AccentColor;
				CODE_SIGN_STYLE = Automatic;
				CURRENT_PROJECT_VERSION = 1;
				DEVELOPMENT_TEAM = 647GR2UNM5;
				GENERATE_INFOPLIST_FILE = YES;
				INFOPLIST_FILE = ObservablePodcasts/Resources/Info.plist;
				INFOPLIST_KEY_UIApplicationSupportsIndirectInputEvents = YES;
				INFOPLIST_KEY_UILaunchStoryboardName = LaunchScreen;
				INFOPLIST_KEY_UISupportedInterfaceOrientations_iPad = "UIInterfaceOrientationPortrait UIInterfaceOrientationPortraitUpsideDown UIInterfaceOrientationLandscapeLeft UIInterfaceOrientationLandscapeRight";
				INFOPLIST_KEY_UISupportedInterfaceOrientations_iPhone = "UIInterfaceOrientationPortrait UIInterfaceOrientationLandscapeLeft UIInterfaceOrientationLandscapeRight";
				LD_RUNPATH_SEARCH_PATHS = (
					"$(inherited)",
					"@executable_path/Frameworks",
				);
				MARKETING_VERSION = 1.0;
				PRODUCT_BUNDLE_IDENTIFIER = me.malstrom.ObservablePodcasts;
				PRODUCT_NAME = "$(TARGET_NAME)";
				SWIFT_EMIT_LOC_STRINGS = YES;
				SWIFT_VERSION = 5.0;
				TARGETED_DEVICE_FAMILY = "1,2";
			};
			name = Release;
		};
/* End XCBuildConfiguration section */

/* Begin XCConfigurationList section */
		DBB50AB32C233F5D008964D4 /* Build configuration list for PBXProject "ObservablePodcasts" */ = {
			isa = XCConfigurationList;
			buildConfigurations = (
				DBB50ACA2C233F5F008964D4 /* Debug */,
				DBB50ACB2C233F5F008964D4 /* Release */,
			);
			defaultConfigurationIsVisible = 0;
			defaultConfigurationName = Release;
		};
		DBB50ACC2C233F5F008964D4 /* Build configuration list for PBXNativeTarget "ObservablePodcasts" */ = {
			isa = XCConfigurationList;
			buildConfigurations = (
				DBB50ACD2C233F5F008964D4 /* Debug */,
				DBB50ACE2C233F5F008964D4 /* Release */,
			);
			defaultConfigurationIsVisible = 0;
			defaultConfigurationName = Release;
		};
/* End XCConfigurationList section */

/* Begin XCRemoteSwiftPackageReference section */
		DBB50AD02C2340F8008964D4 /* XCRemoteSwiftPackageReference "swiftui-navigation" */ = {
			isa = XCRemoteSwiftPackageReference;
			repositoryURL = "https://github.com/pointfreeco/swiftui-navigation/";
			requirement = {
				branch = "uikit-navigation-beta";
				kind = branch;
			};
		};
		DBB50ADD2C23510D008964D4 /* XCRemoteSwiftPackageReference "Nuke" */ = {
			isa = XCRemoteSwiftPackageReference;
			repositoryURL = "https://github.com/kean/Nuke";
			requirement = {
				kind = upToNextMajorVersion;
				minimumVersion = 12.7.2;
			};
		};
/* End XCRemoteSwiftPackageReference section */

/* Begin XCSwiftPackageProductDependency section */
		DBB50AD12C2340F8008964D4 /* SwiftNavigation */ = {
			isa = XCSwiftPackageProductDependency;
			package = DBB50AD02C2340F8008964D4 /* XCRemoteSwiftPackageReference "swiftui-navigation" */;
			productName = SwiftNavigation;
		};
		DBB50AD32C2340F8008964D4 /* UIKitNavigation */ = {
			isa = XCSwiftPackageProductDependency;
			package = DBB50AD02C2340F8008964D4 /* XCRemoteSwiftPackageReference "swiftui-navigation" */;
			productName = UIKitNavigation;
		};
		DBB50ADE2C23510E008964D4 /* Nuke */ = {
			isa = XCSwiftPackageProductDependency;
			package = DBB50ADD2C23510D008964D4 /* XCRemoteSwiftPackageReference "Nuke" */;
			productName = Nuke;
		};
/* End XCSwiftPackageProductDependency section */
	};
	rootObject = DBB50AB02C233F5D008964D4 /* Project object */;
}
